
Microsoft Visual Studio Solution File, Format Version 12.00
# Visual Studio Version 16
VisualStudioVersion = 16.0.30406.217
MinimumVisualStudioVersion = 10.0.40219.1
Project("{FAE04EC0-301F-11D3-BF4B-00C04F79EFBC}") = "ScrapperConsoleApp", "ScrapperConsoleApp.csproj", "{002573F4-5120-4F5F-86DA-C93DAD0B86BA}"
EndProject
Global
	GlobalSection(SolutionConfigurationPlatforms) = preSolution
		Debug|Any CPU = Debug|Any CPU
		Release|Any CPU = Release|Any CPU
	EndGlobalSection
	GlobalSection(ProjectConfigurationPlatforms) = postSolution
		{002573F4-5120-4F5F-86DA-C93DAD0B86BA}.Debug|Any CPU.ActiveCfg = Debug|Any CPU
		{002573F4-5120-4F5F-86DA-C93DAD0B86BA}.Debug|Any CPU.Build.0 = Debug|Any CPU
		{002573F4-5120-4F5F-86DA-C93DAD0B86BA}.Release|Any CPU.ActiveCfg = Release|Any CPU
		{002573F4-5120-4F5F-86DA-C93DAD0B86BA}.Release|Any CPU.Build.0 = Release|Any CPU
	EndGlobalSection
	GlobalSection(SolutionProperties) = preSolution
		HideSolutionNode = FALSE
	EndGlobalSection
	GlobalSection(ExtensibilityGlobals) = postSolution
		SolutionGuid = {90C6E36B-E1DD-4CBF-89D4-3F5521F54648}
	EndGlobalSection
EndGlobal
